
Microsoft Visual Studio Solution File, Format Version 11.00
# Visual Studio 2010
Project("{8BC9CEB8-8B4A-11D0-8D11-00A0C91BC942}") = "GameServer", "GameServer.vcxproj", "{93F80160-07A8-42A6-B46C-70B72AFF74C4}"
EndProject
Global
	GlobalSection(SolutionConfigurationPlatforms) = preSolution
		EX101KOR|Win32 = EX101KOR|Win32
		EX201KOR|Win32 = EX201KOR|Win32
		EX201PHI|Win32 = EX201PHI|Win32
		EX301KOR|Win32 = EX301KOR|Win32
		EX301TAI|Win32 = EX301TAI|Win32
		EX401KOR|Win32 = EX401KOR|Win32
		EX406ENG|Win32 = EX406ENG|Win32
		EX603ENG|Win32 = EX603ENG|Win32
		EX803ENG|Win32 = EX803ENG|Win32
	EndGlobalSection
	GlobalSection(ProjectConfigurationPlatforms) = postSolution
		{93F80160-07A8-42A6-B46C-70B72AFF74C4}.EX101KOR|Win32.ActiveCfg = EX101KOR|Win32
		{93F80160-07A8-42A6-B46C-70B72AFF74C4}.EX101KOR|Win32.Build.0 = EX101KOR|Win32
		{93F80160-07A8-42A6-B46C-70B72AFF74C4}.EX201KOR|Win32.ActiveCfg = EX201KOR|Win32
		{93F80160-07A8-42A6-B46C-70B72AFF74C4}.EX201KOR|Win32.Build.0 = EX201KOR|Win32
		{93F80160-07A8-42A6-B46C-70B72AFF74C4}.EX201PHI|Win32.ActiveCfg = EX201PHI|Win32
		{93F80160-07A8-42A6-B46C-70B72AFF74C4}.EX201PHI|Win32.Build.0 = EX201PHI|Win32
		{93F80160-07A8-42A6-B46C-70B72AFF74C4}.EX301KOR|Win32.ActiveCfg = EX301KOR|Win32
		{93F80160-07A8-42A6-B46C-70B72AFF74C4}.EX301KOR|Win32.Build.0 = EX301KOR|Win32
		{93F80160-07A8-42A6-B46C-70B72AFF74C4}.EX301TAI|Win32.ActiveCfg = EX301TAI|Win32
		{93F80160-07A8-42A6-B46C-70B72AFF74C4}.EX301TAI|Win32.Build.0 = EX301TAI|Win32
		{93F80160-07A8-42A6-B46C-70B72AFF74C4}.EX401KOR|Win32.ActiveCfg = EX401KOR|Win32
		{93F80160-07A8-42A6-B46C-70B72AFF74C4}.EX401KOR|Win32.Build.0 = EX401KOR|Win32
		{93F80160-07A8-42A6-B46C-70B72AFF74C4}.EX406ENG|Win32.ActiveCfg = EX406ENG|Win32
		{93F80160-07A8-42A6-B46C-70B72AFF74C4}.EX406ENG|Win32.Build.0 = EX406ENG|Win32
		{93F80160-07A8-42A6-B46C-70B72AFF74C4}.EX603ENG|Win32.ActiveCfg = EX603ENG|Win32
		{93F80160-07A8-42A6-B46C-70B72AFF74C4}.EX603ENG|Win32.Build.0 = EX603ENG|Win32
		{93F80160-07A8-42A6-B46C-70B72AFF74C4}.EX803ENG|Win32.ActiveCfg = EX803ENG|Win32
		{93F80160-07A8-42A6-B46C-70B72AFF74C4}.EX803ENG|Win32.Build.0 = EX803ENG|Win32
	EndGlobalSection
	GlobalSection(SolutionProperties) = preSolution
		HideSolutionNode = FALSE
	EndGlobalSection
EndGlobal
